// !$*UTF8*$!
{
	archiveVersion = 1;
	classes = {
	};
	objectVersion = 56;
	objects = {

/* Begin PBXBuildFile section */
		0C9A8A572C35B30100BAED42 /* GoogleService-Info.plist in Resources */ = {isa = PBXBuildFile; fileRef = 0C9A8A562C35B30100BAED42 /* GoogleService-Info.plist */; };
		808D24A92C290DAD00E44B2E /* ProfileInfo.swift in Sources */ = {isa = PBXBuildFile; fileRef = 808D24A82C290DAD00E44B2E /* ProfileInfo.swift */; };
		809D33082C27FAC000E37C34 /* HeaderView.swift in Sources */ = {isa = PBXBuildFile; fileRef = 809D33072C27FAC000E37C34 /* HeaderView.swift */; };
		809F67502C22808F004F11C5 /* TerpMealsApp.swift in Sources */ = {isa = PBXBuildFile; fileRef = 809F674F2C22808F004F11C5 /* TerpMealsApp.swift */; };
		809F67522C22808F004F11C5 /* ContentView.swift in Sources */ = {isa = PBXBuildFile; fileRef = 809F67512C22808F004F11C5 /* ContentView.swift */; };
		809F67542C228090004F11C5 /* Assets.xcassets in Resources */ = {isa = PBXBuildFile; fileRef = 809F67532C228090004F11C5 /* Assets.xcassets */; };
		809F67572C228090004F11C5 /* Preview Assets.xcassets in Resources */ = {isa = PBXBuildFile; fileRef = 809F67562C228090004F11C5 /* Preview Assets.xcassets */; };
		809F67612C228090004F11C5 /* TerpMealsTests.swift in Sources */ = {isa = PBXBuildFile; fileRef = 809F67602C228090004F11C5 /* TerpMealsTests.swift */; };
		809F676B2C228090004F11C5 /* TerpMealsUITests.swift in Sources */ = {isa = PBXBuildFile; fileRef = 809F676A2C228090004F11C5 /* TerpMealsUITests.swift */; };
		809F676D2C228090004F11C5 /* TerpMealsUITestsLaunchTests.swift in Sources */ = {isa = PBXBuildFile; fileRef = 809F676C2C228090004F11C5 /* TerpMealsUITestsLaunchTests.swift */; };
		809F677A2C2282A9004F11C5 /* SplashScreen.swift in Sources */ = {isa = PBXBuildFile; fileRef = 809F67792C2282A9004F11C5 /* SplashScreen.swift */; };
		80A04B512C2366540049F1A3 /* SignIn.swift in Sources */ = {isa = PBXBuildFile; fileRef = 80A04B502C2366540049F1A3 /* SignIn.swift */; };
		80A04B532C2366680049F1A3 /* SignUp.swift in Sources */ = {isa = PBXBuildFile; fileRef = 80A04B522C2366680049F1A3 /* SignUp.swift */; };
		EC42F4D02C333DFD0020A4E1 /* AuthenticationManager.swift in Sources */ = {isa = PBXBuildFile; fileRef = EC42F4CF2C333DFD0020A4E1 /* AuthenticationManager.swift */; };
		EC42F4D52C3342200020A4E1 /* Utilities.swift in Sources */ = {isa = PBXBuildFile; fileRef = EC42F4D42C3342200020A4E1 /* Utilities.swift */; };
		ECA971BE2C3236D8000AD049 /* FirebaseAuth in Frameworks */ = {isa = PBXBuildFile; productRef = ECA971BD2C3236D8000AD049 /* FirebaseAuth */; };
		ECA971C02C3236DF000AD049 /* GoogleSignIn in Frameworks */ = {isa = PBXBuildFile; productRef = ECA971BF2C3236DF000AD049 /* GoogleSignIn */; };
		ECA971C22C3236E6000AD049 /* GoogleSignInSwift in Frameworks */ = {isa = PBXBuildFile; productRef = ECA971C12C3236E6000AD049 /* GoogleSignInSwift */; };
/* End PBXBuildFile section */

/* Begin PBXContainerItemProxy section */
		809F675D2C228090004F11C5 /* PBXContainerItemProxy */ = {
			isa = PBXContainerItemProxy;
			containerPortal = 809F67442C22808F004F11C5 /* Project object */;
			proxyType = 1;
			remoteGlobalIDString = 809F674B2C22808F004F11C5;
			remoteInfo = TerpMeals;
		};
		809F67672C228090004F11C5 /* PBXContainerItemProxy */ = {
			isa = PBXContainerItemProxy;
			containerPortal = 809F67442C22808F004F11C5 /* Project object */;
			proxyType = 1;
			remoteGlobalIDString = 809F674B2C22808F004F11C5;
			remoteInfo = TerpMeals;
		};
/* End PBXContainerItemProxy section */

/* Begin PBXFileReference section */
		0C9A8A562C35B30100BAED42 /* GoogleService-Info.plist */ = {isa = PBXFileReference; fileEncoding = 4; lastKnownFileType = text.plist.xml; name = "GoogleService-Info.plist"; path = "TerpMeals/GoogleService-Info.plist"; sourceTree = SOURCE_ROOT; };
		808D24A82C290DAD00E44B2E /* ProfileInfo.swift */ = {isa = PBXFileReference; lastKnownFileType = sourcecode.swift; path = ProfileInfo.swift; sourceTree = "<group>"; };
		809D33072C27FAC000E37C34 /* HeaderView.swift */ = {isa = PBXFileReference; lastKnownFileType = sourcecode.swift; path = HeaderView.swift; sourceTree = "<group>"; };
		809F674C2C22808F004F11C5 /* TerpMeals.app */ = {isa = PBXFileReference; explicitFileType = wrapper.application; includeInIndex = 0; path = TerpMeals.app; sourceTree = BUILT_PRODUCTS_DIR; };
		809F674F2C22808F004F11C5 /* TerpMealsApp.swift */ = {isa = PBXFileReference; lastKnownFileType = sourcecode.swift; path = TerpMealsApp.swift; sourceTree = "<group>"; };
		809F67512C22808F004F11C5 /* ContentView.swift */ = {isa = PBXFileReference; lastKnownFileType = sourcecode.swift; path = ContentView.swift; sourceTree = "<group>"; };
		809F67532C228090004F11C5 /* Assets.xcassets */ = {isa = PBXFileReference; lastKnownFileType = folder.assetcatalog; path = Assets.xcassets; sourceTree = "<group>"; };
		809F67562C228090004F11C5 /* Preview Assets.xcassets */ = {isa = PBXFileReference; lastKnownFileType = folder.assetcatalog; path = "Preview Assets.xcassets"; sourceTree = "<group>"; };
		809F675C2C228090004F11C5 /* TerpMealsTests.xctest */ = {isa = PBXFileReference; explicitFileType = wrapper.cfbundle; includeInIndex = 0; path = TerpMealsTests.xctest; sourceTree = BUILT_PRODUCTS_DIR; };
		809F67602C228090004F11C5 /* TerpMealsTests.swift */ = {isa = PBXFileReference; lastKnownFileType = sourcecode.swift; path = TerpMealsTests.swift; sourceTree = "<group>"; };
		809F67662C228090004F11C5 /* TerpMealsUITests.xctest */ = {isa = PBXFileReference; explicitFileType = wrapper.cfbundle; includeInIndex = 0; path = TerpMealsUITests.xctest; sourceTree = BUILT_PRODUCTS_DIR; };
		809F676A2C228090004F11C5 /* TerpMealsUITests.swift */ = {isa = PBXFileReference; lastKnownFileType = sourcecode.swift; path = TerpMealsUITests.swift; sourceTree = "<group>"; };
		809F676C2C228090004F11C5 /* TerpMealsUITestsLaunchTests.swift */ = {isa = PBXFileReference; lastKnownFileType = sourcecode.swift; path = TerpMealsUITestsLaunchTests.swift; sourceTree = "<group>"; };
		809F67792C2282A9004F11C5 /* SplashScreen.swift */ = {isa = PBXFileReference; lastKnownFileType = sourcecode.swift; path = SplashScreen.swift; sourceTree = "<group>"; };
		80A04B502C2366540049F1A3 /* SignIn.swift */ = {isa = PBXFileReference; lastKnownFileType = sourcecode.swift; path = SignIn.swift; sourceTree = "<group>"; };
		80A04B522C2366680049F1A3 /* SignUp.swift */ = {isa = PBXFileReference; lastKnownFileType = sourcecode.swift; path = SignUp.swift; sourceTree = "<group>"; };
		80A04B5E2C2372700049F1A3 /* Info.plist */ = {isa = PBXFileReference; lastKnownFileType = text.plist; path = Info.plist; sourceTree = "<group>"; };
		EC42F4CF2C333DFD0020A4E1 /* AuthenticationManager.swift */ = {isa = PBXFileReference; lastKnownFileType = sourcecode.swift; path = AuthenticationManager.swift; sourceTree = "<group>"; };
		EC42F4D42C3342200020A4E1 /* Utilities.swift */ = {isa = PBXFileReference; lastKnownFileType = sourcecode.swift; path = Utilities.swift; sourceTree = "<group>"; };
/* End PBXFileReference section */

/* Begin PBXFrameworksBuildPhase section */
		809F67492C22808F004F11C5 /* Frameworks */ = {
			isa = PBXFrameworksBuildPhase;
			buildActionMask = 2147483647;
			files = (
				ECA971C22C3236E6000AD049 /* GoogleSignInSwift in Frameworks */,
				ECA971BE2C3236D8000AD049 /* FirebaseAuth in Frameworks */,
				ECA971C02C3236DF000AD049 /* GoogleSignIn in Frameworks */,
			);
			runOnlyForDeploymentPostprocessing = 0;
		};
		809F67592C228090004F11C5 /* Frameworks */ = {
			isa = PBXFrameworksBuildPhase;
			buildActionMask = 2147483647;
			files = (
			);
			runOnlyForDeploymentPostprocessing = 0;
		};
		809F67632C228090004F11C5 /* Frameworks */ = {
			isa = PBXFrameworksBuildPhase;
			buildActionMask = 2147483647;
			files = (
			);
			runOnlyForDeploymentPostprocessing = 0;
		};
/* End PBXFrameworksBuildPhase section */

/* Begin PBXGroup section */
		809F67432C22808F004F11C5 = {
			isa = PBXGroup;
			children = (
				809F674E2C22808F004F11C5 /* TerpMeals */,
				809F675F2C228090004F11C5 /* TerpMealsTests */,
				809F67692C228090004F11C5 /* TerpMealsUITests */,
				809F674D2C22808F004F11C5 /* Products */,
				ECA971BC2C3236D8000AD049 /* Frameworks */,
			);
			sourceTree = "<group>";
		};
		809F674D2C22808F004F11C5 /* Products */ = {
			isa = PBXGroup;
			children = (
				809F674C2C22808F004F11C5 /* TerpMeals.app */,
				809F675C2C228090004F11C5 /* TerpMealsTests.xctest */,
				809F67662C228090004F11C5 /* TerpMealsUITests.xctest */,
			);
			name = Products;
			sourceTree = "<group>";
		};
		809F674E2C22808F004F11C5 /* TerpMeals */ = {
			isa = PBXGroup;
			children = (
				80A04B5E2C2372700049F1A3 /* Info.plist */,
				0C9A8A562C35B30100BAED42 /* GoogleService-Info.plist */,
				EC42F4D32C3341EA0020A4E1 /* Utilities */,
				EC42F4D12C3341C40020A4E1 /* Authentication */,
				809F67512C22808F004F11C5 /* ContentView.swift */,
				809F674F2C22808F004F11C5 /* TerpMealsApp.swift */,
				809F67792C2282A9004F11C5 /* SplashScreen.swift */,
				80A04B502C2366540049F1A3 /* SignIn.swift */,
				809D33072C27FAC000E37C34 /* HeaderView.swift */,
				80A04B522C2366680049F1A3 /* SignUp.swift */,
				808D24A82C290DAD00E44B2E /* ProfileInfo.swift */,
				809F67532C228090004F11C5 /* Assets.xcassets */,
				809F67552C228090004F11C5 /* Preview Content */,
			);
			path = TerpMeals;
			sourceTree = "<group>";
		};
		809F67552C228090004F11C5 /* Preview Content */ = {
			isa = PBXGroup;
			children = (
				809F67562C228090004F11C5 /* Preview Assets.xcassets */,
			);
			path = "Preview Content";
			sourceTree = "<group>";
		};
		809F675F2C228090004F11C5 /* TerpMealsTests */ = {
			isa = PBXGroup;
			children = (
				809F67602C228090004F11C5 /* TerpMealsTests.swift */,
			);
			path = TerpMealsTests;
			sourceTree = "<group>";
		};
		809F67692C228090004F11C5 /* TerpMealsUITests */ = {
			isa = PBXGroup;
			children = (
				809F676A2C228090004F11C5 /* TerpMealsUITests.swift */,
				809F676C2C228090004F11C5 /* TerpMealsUITestsLaunchTests.swift */,
			);
			path = TerpMealsUITests;
			sourceTree = "<group>";
		};
		EC42F4D12C3341C40020A4E1 /* Authentication */ = {
			isa = PBXGroup;
			children = (
				EC42F4CF2C333DFD0020A4E1 /* AuthenticationManager.swift */,
			);
			path = Authentication;
			sourceTree = "<group>";
		};
		EC42F4D32C3341EA0020A4E1 /* Utilities */ = {
			isa = PBXGroup;
			children = (
				EC42F4D42C3342200020A4E1 /* Utilities.swift */,
			);
			path = Utilities;
			sourceTree = "<group>";
		};
		ECA971BC2C3236D8000AD049 /* Frameworks */ = {
			isa = PBXGroup;
			children = (
			);
			name = Frameworks;
			sourceTree = "<group>";
		};
/* End PBXGroup section */

/* Begin PBXNativeTarget section */
		809F674B2C22808F004F11C5 /* TerpMeals */ = {
			isa = PBXNativeTarget;
			buildConfigurationList = 809F67702C228090004F11C5 /* Build configuration list for PBXNativeTarget "TerpMeals" */;
			buildPhases = (
				809F67482C22808F004F11C5 /* Sources */,
				809F67492C22808F004F11C5 /* Frameworks */,
				809F674A2C22808F004F11C5 /* Resources */,
			);
			buildRules = (
			);
			dependencies = (
			);
			name = TerpMeals;
			packageProductDependencies = (
				ECA971BD2C3236D8000AD049 /* FirebaseAuth */,
				ECA971BF2C3236DF000AD049 /* GoogleSignIn */,
				ECA971C12C3236E6000AD049 /* GoogleSignInSwift */,
			);
			productName = TerpMeals;
			productReference = 809F674C2C22808F004F11C5 /* TerpMeals.app */;
			productType = "com.apple.product-type.application";
		};
		809F675B2C228090004F11C5 /* TerpMealsTests */ = {
			isa = PBXNativeTarget;
			buildConfigurationList = 809F67732C228090004F11C5 /* Build configuration list for PBXNativeTarget "TerpMealsTests" */;
			buildPhases = (
				809F67582C228090004F11C5 /* Sources */,
				809F67592C228090004F11C5 /* Frameworks */,
				809F675A2C228090004F11C5 /* Resources */,
			);
			buildRules = (
			);
			dependencies = (
				809F675E2C228090004F11C5 /* PBXTargetDependency */,
			);
			name = TerpMealsTests;
			productName = TerpMealsTests;
			productReference = 809F675C2C228090004F11C5 /* TerpMealsTests.xctest */;
			productType = "com.apple.product-type.bundle.unit-test";
		};
		809F67652C228090004F11C5 /* TerpMealsUITests */ = {
			isa = PBXNativeTarget;
			buildConfigurationList = 809F67762C228090004F11C5 /* Build configuration list for PBXNativeTarget "TerpMealsUITests" */;
			buildPhases = (
				809F67622C228090004F11C5 /* Sources */,
				809F67632C228090004F11C5 /* Frameworks */,
				809F67642C228090004F11C5 /* Resources */,
			);
			buildRules = (
			);
			dependencies = (
				809F67682C228090004F11C5 /* PBXTargetDependency */,
			);
			name = TerpMealsUITests;
			productName = TerpMealsUITests;
			productReference = 809F67662C228090004F11C5 /* TerpMealsUITests.xctest */;
			productType = "com.apple.product-type.bundle.ui-testing";
		};
/* End PBXNativeTarget section */

/* Begin PBXProject section */
		809F67442C22808F004F11C5 /* Project object */ = {
			isa = PBXProject;
			attributes = {
				BuildIndependentTargetsInParallel = 1;
				LastSwiftUpdateCheck = 1430;
				LastUpgradeCheck = 1430;
				TargetAttributes = {
					809F674B2C22808F004F11C5 = {
						CreatedOnToolsVersion = 14.3.1;
					};
					809F675B2C228090004F11C5 = {
						CreatedOnToolsVersion = 14.3.1;
						TestTargetID = 809F674B2C22808F004F11C5;
					};
					809F67652C228090004F11C5 = {
						CreatedOnToolsVersion = 14.3.1;
						TestTargetID = 809F674B2C22808F004F11C5;
					};
				};
			};
			buildConfigurationList = 809F67472C22808F004F11C5 /* Build configuration list for PBXProject "TerpMeals" */;
			compatibilityVersion = "Xcode 14.0";
			developmentRegion = en;
			hasScannedForEncodings = 0;
			knownRegions = (
				en,
				Base,
			);
			mainGroup = 809F67432C22808F004F11C5;
			packageReferences = (
				80A04B542C236D500049F1A3 /* XCRemoteSwiftPackageReference "firebase-ios-sdk" */,
				80A04B572C236DBF0049F1A3 /* XCRemoteSwiftPackageReference "GoogleSignIn-iOS" */,
			);
			productRefGroup = 809F674D2C22808F004F11C5 /* Products */;
			projectDirPath = "";
			projectRoot = "";
			targets = (
				809F674B2C22808F004F11C5 /* TerpMeals */,
				809F675B2C228090004F11C5 /* TerpMealsTests */,
				809F67652C228090004F11C5 /* TerpMealsUITests */,
			);
		};
/* End PBXProject section */

/* Begin PBXResourcesBuildPhase section */
		809F674A2C22808F004F11C5 /* Resources */ = {
			isa = PBXResourcesBuildPhase;
			buildActionMask = 2147483647;
			files = (
				809F67572C228090004F11C5 /* Preview Assets.xcassets in Resources */,
				809F67542C228090004F11C5 /* Assets.xcassets in Resources */,
				0C9A8A572C35B30100BAED42 /* GoogleService-Info.plist in Resources */,
			);
			runOnlyForDeploymentPostprocessing = 0;
		};
		809F675A2C228090004F11C5 /* Resources */ = {
			isa = PBXResourcesBuildPhase;
			buildActionMask = 2147483647;
			files = (
			);
			runOnlyForDeploymentPostprocessing = 0;
		};
		809F67642C228090004F11C5 /* Resources */ = {
			isa = PBXResourcesBuildPhase;
			buildActionMask = 2147483647;
			files = (
			);
			runOnlyForDeploymentPostprocessing = 0;
		};
/* End PBXResourcesBuildPhase section */

/* Begin PBXSourcesBuildPhase section */
		809F67482C22808F004F11C5 /* Sources */ = {
			isa = PBXSourcesBuildPhase;
			buildActionMask = 2147483647;
			files = (
				808D24A92C290DAD00E44B2E /* ProfileInfo.swift in Sources */,
				EC42F4D02C333DFD0020A4E1 /* AuthenticationManager.swift in Sources */,
				809F677A2C2282A9004F11C5 /* SplashScreen.swift in Sources */,
				809D33082C27FAC000E37C34 /* HeaderView.swift in Sources */,
				809F67522C22808F004F11C5 /* ContentView.swift in Sources */,
				809F67502C22808F004F11C5 /* TerpMealsApp.swift in Sources */,
				EC42F4D52C3342200020A4E1 /* Utilities.swift in Sources */,
				80A04B512C2366540049F1A3 /* SignIn.swift in Sources */,
				80A04B532C2366680049F1A3 /* SignUp.swift in Sources */,
			);
			runOnlyForDeploymentPostprocessing = 0;
		};
		809F67582C228090004F11C5 /* Sources */ = {
			isa = PBXSourcesBuildPhase;
			buildActionMask = 2147483647;
			files = (
				809F67612C228090004F11C5 /* TerpMealsTests.swift in Sources */,
			);
			runOnlyForDeploymentPostprocessing = 0;
		};
		809F67622C228090004F11C5 /* Sources */ = {
			isa = PBXSourcesBuildPhase;
			buildActionMask = 2147483647;
			files = (
				809F676D2C228090004F11C5 /* TerpMealsUITestsLaunchTests.swift in Sources */,
				809F676B2C228090004F11C5 /* TerpMealsUITests.swift in Sources */,
			);
			runOnlyForDeploymentPostprocessing = 0;
		};
/* End PBXSourcesBuildPhase section */

/* Begin PBXTargetDependency section */
		809F675E2C228090004F11C5 /* PBXTargetDependency */ = {
			isa = PBXTargetDependency;
			target = 809F674B2C22808F004F11C5 /* TerpMeals */;
			targetProxy = 809F675D2C228090004F11C5 /* PBXContainerItemProxy */;
		};
		809F67682C228090004F11C5 /* PBXTargetDependency */ = {
			isa = PBXTargetDependency;
			target = 809F674B2C22808F004F11C5 /* TerpMeals */;
			targetProxy = 809F67672C228090004F11C5 /* PBXContainerItemProxy */;
		};
/* End PBXTargetDependency section */

/* Begin XCBuildConfiguration section */
		809F676E2C228090004F11C5 /* Debug */ = {
			isa = XCBuildConfiguration;
			buildSettings = {
				ALWAYS_SEARCH_USER_PATHS = NO;
				CLANG_ANALYZER_NONNULL = YES;
				CLANG_ANALYZER_NUMBER_OBJECT_CONVERSION = YES_AGGRESSIVE;
				CLANG_CXX_LANGUAGE_STANDARD = "gnu++20";
				CLANG_ENABLE_MODULES = YES;
				CLANG_ENABLE_OBJC_ARC = YES;
				CLANG_ENABLE_OBJC_WEAK = YES;
				CLANG_WARN_BLOCK_CAPTURE_AUTORELEASING = YES;
				CLANG_WARN_BOOL_CONVERSION = YES;
				CLANG_WARN_COMMA = YES;
				CLANG_WARN_CONSTANT_CONVERSION = YES;
				CLANG_WARN_DEPRECATED_OBJC_IMPLEMENTATIONS = YES;
				CLANG_WARN_DIRECT_OBJC_ISA_USAGE = YES_ERROR;
				CLANG_WARN_DOCUMENTATION_COMMENTS = YES;
				CLANG_WARN_EMPTY_BODY = YES;
				CLANG_WARN_ENUM_CONVERSION = YES;
				CLANG_WARN_INFINITE_RECURSION = YES;
				CLANG_WARN_INT_CONVERSION = YES;
				CLANG_WARN_NON_LITERAL_NULL_CONVERSION = YES;
				CLANG_WARN_OBJC_IMPLICIT_RETAIN_SELF = YES;
				CLANG_WARN_OBJC_LITERAL_CONVERSION = YES;
				CLANG_WARN_OBJC_ROOT_CLASS = YES_ERROR;
				CLANG_WARN_QUOTED_INCLUDE_IN_FRAMEWORK_HEADER = YES;
				CLANG_WARN_RANGE_LOOP_ANALYSIS = YES;
				CLANG_WARN_STRICT_PROTOTYPES = YES;
				CLANG_WARN_SUSPICIOUS_MOVE = YES;
				CLANG_WARN_UNGUARDED_AVAILABILITY = YES_AGGRESSIVE;
				CLANG_WARN_UNREACHABLE_CODE = YES;
				CLANG_WARN__DUPLICATE_METHOD_MATCH = YES;
				COPY_PHASE_STRIP = NO;
				DEBUG_INFORMATION_FORMAT = dwarf;
				ENABLE_STRICT_OBJC_MSGSEND = YES;
				ENABLE_TESTABILITY = YES;
				GCC_C_LANGUAGE_STANDARD = gnu11;
				GCC_DYNAMIC_NO_PIC = NO;
				GCC_NO_COMMON_BLOCKS = YES;
				GCC_OPTIMIZATION_LEVEL = 0;
				GCC_PREPROCESSOR_DEFINITIONS = (
					"DEBUG=1",
					"$(inherited)",
				);
				GCC_WARN_64_TO_32_BIT_CONVERSION = YES;
				GCC_WARN_ABOUT_RETURN_TYPE = YES_ERROR;
				GCC_WARN_UNDECLARED_SELECTOR = YES;
				GCC_WARN_UNINITIALIZED_AUTOS = YES_AGGRESSIVE;
				GCC_WARN_UNUSED_FUNCTION = YES;
				GCC_WARN_UNUSED_VARIABLE = YES;
				IPHONEOS_DEPLOYMENT_TARGET = 16.4;
				MTL_ENABLE_DEBUG_INFO = INCLUDE_SOURCE;
				MTL_FAST_MATH = YES;
				ONLY_ACTIVE_ARCH = YES;
				SDKROOT = iphoneos;
				SWIFT_ACTIVE_COMPILATION_CONDITIONS = DEBUG;
				SWIFT_OPTIMIZATION_LEVEL = "-Onone";
			};
			name = Debug;
		};
		809F676F2C228090004F11C5 /* Release */ = {
			isa = XCBuildConfiguration;
			buildSettings = {
				ALWAYS_SEARCH_USER_PATHS = NO;
				CLANG_ANALYZER_NONNULL = YES;
				CLANG_ANALYZER_NUMBER_OBJECT_CONVERSION = YES_AGGRESSIVE;
				CLANG_CXX_LANGUAGE_STANDARD = "gnu++20";
				CLANG_ENABLE_MODULES = YES;
				CLANG_ENABLE_OBJC_ARC = YES;
				CLANG_ENABLE_OBJC_WEAK = YES;
				CLANG_WARN_BLOCK_CAPTURE_AUTORELEASING = YES;
				CLANG_WARN_BOOL_CONVERSION = YES;
				CLANG_WARN_COMMA = YES;
				CLANG_WARN_CONSTANT_CONVERSION = YES;
				CLANG_WARN_DEPRECATED_OBJC_IMPLEMENTATIONS = YES;
				CLANG_WARN_DIRECT_OBJC_ISA_USAGE = YES_ERROR;
				CLANG_WARN_DOCUMENTATION_COMMENTS = YES;
				CLANG_WARN_EMPTY_BODY = YES;
				CLANG_WARN_ENUM_CONVERSION = YES;
				CLANG_WARN_INFINITE_RECURSION = YES;
				CLANG_WARN_INT_CONVERSION = YES;
				CLANG_WARN_NON_LITERAL_NULL_CONVERSION = YES;
				CLANG_WARN_OBJC_IMPLICIT_RETAIN_SELF = YES;
				CLANG_WARN_OBJC_LITERAL_CONVERSION = YES;
				CLANG_WARN_OBJC_ROOT_CLASS = YES_ERROR;
				CLANG_WARN_QUOTED_INCLUDE_IN_FRAMEWORK_HEADER = YES;
				CLANG_WARN_RANGE_LOOP_ANALYSIS = YES;
				CLANG_WARN_STRICT_PROTOTYPES = YES;
				CLANG_WARN_SUSPICIOUS_MOVE = YES;
				CLANG_WARN_UNGUARDED_AVAILABILITY = YES_AGGRESSIVE;
				CLANG_WARN_UNREACHABLE_CODE = YES;
				CLANG_WARN__DUPLICATE_METHOD_MATCH = YES;
				COPY_PHASE_STRIP = NO;
				DEBUG_INFORMATION_FORMAT = "dwarf-with-dsym";
				ENABLE_NS_ASSERTIONS = NO;
				ENABLE_STRICT_OBJC_MSGSEND = YES;
				GCC_C_LANGUAGE_STANDARD = gnu11;
				GCC_NO_COMMON_BLOCKS = YES;
				GCC_WARN_64_TO_32_BIT_CONVERSION = YES;
				GCC_WARN_ABOUT_RETURN_TYPE = YES_ERROR;
				GCC_WARN_UNDECLARED_SELECTOR = YES;
				GCC_WARN_UNINITIALIZED_AUTOS = YES_AGGRESSIVE;
				GCC_WARN_UNUSED_FUNCTION = YES;
				GCC_WARN_UNUSED_VARIABLE = YES;
				IPHONEOS_DEPLOYMENT_TARGET = 16.4;
				MTL_ENABLE_DEBUG_INFO = NO;
				MTL_FAST_MATH = YES;
				SDKROOT = iphoneos;
				SWIFT_COMPILATION_MODE = wholemodule;
				SWIFT_OPTIMIZATION_LEVEL = "-O";
				VALIDATE_PRODUCT = YES;
			};
			name = Release;
		};
		809F67712C228090004F11C5 /* Debug */ = {
			isa = XCBuildConfiguration;
			buildSettings = {
				ASSETCATALOG_COMPILER_APPICON_NAME = AppIcon;
				ASSETCATALOG_COMPILER_GLOBAL_ACCENT_COLOR_NAME = AccentColor;
				ASSETCATALOG_COMPILER_INCLUDE_ALL_APPICON_ASSETS = YES;
				CODE_SIGN_STYLE = Automatic;
				CURRENT_PROJECT_VERSION = 1;
				DEVELOPMENT_ASSET_PATHS = "\"TerpMeals/Preview Content\"";
				DEVELOPMENT_TEAM = 92TLLKM3W2;
				ENABLE_PREVIEWS = YES;
				GENERATE_INFOPLIST_FILE = YES;
				INFOPLIST_FILE = TerpMeals/Info.plist;
				INFOPLIST_KEY_LSApplicationCategoryType = "public.app-category.healthcare-fitness";
				INFOPLIST_KEY_UIApplicationSceneManifest_Generation = YES;
				INFOPLIST_KEY_UIApplicationSupportsIndirectInputEvents = YES;
				INFOPLIST_KEY_UILaunchScreen_Generation = YES;
				INFOPLIST_KEY_UISupportedInterfaceOrientations_iPad = "UIInterfaceOrientationPortrait UIInterfaceOrientationPortraitUpsideDown UIInterfaceOrientationLandscapeLeft UIInterfaceOrientationLandscapeRight";
				INFOPLIST_KEY_UISupportedInterfaceOrientations_iPhone = "UIInterfaceOrientationPortrait UIInterfaceOrientationLandscapeLeft UIInterfaceOrientationLandscapeRight";
				LD_RUNPATH_SEARCH_PATHS = (
					"$(inherited)",
					"@executable_path/Frameworks",
				);
				MARKETING_VERSION = 1.0;
				PRODUCT_BUNDLE_IDENTIFIER = UMD.TerpMeals;
				PRODUCT_NAME = "$(TARGET_NAME)";
				SWIFT_EMIT_LOC_STRINGS = YES;
				SWIFT_VERSION = 5.0;
				TARGETED_DEVICE_FAMILY = "1,2";
			};
			name = Debug;
		};
		809F67722C228090004F11C5 /* Release */ = {
			isa = XCBuildConfiguration;
			buildSettings = {
				ASSETCATALOG_COMPILER_APPICON_NAME = AppIcon;
				ASSETCATALOG_COMPILER_GLOBAL_ACCENT_COLOR_NAME = AccentColor;
				ASSETCATALOG_COMPILER_INCLUDE_ALL_APPICON_ASSETS = YES;
				CODE_SIGN_STYLE = Automatic;
				CURRENT_PROJECT_VERSION = 1;
				DEVELOPMENT_ASSET_PATHS = "\"TerpMeals/Preview Content\"";
				DEVELOPMENT_TEAM = 92TLLKM3W2;
				ENABLE_PREVIEWS = YES;
				GENERATE_INFOPLIST_FILE = YES;
				INFOPLIST_FILE = TerpMeals/Info.plist;
				INFOPLIST_KEY_LSApplicationCategoryType = "public.app-category.healthcare-fitness";
				INFOPLIST_KEY_UIApplicationSceneManifest_Generation = YES;
				INFOPLIST_KEY_UIApplicationSupportsIndirectInputEvents = YES;
				INFOPLIST_KEY_UILaunchScreen_Generation = YES;
				INFOPLIST_KEY_UISupportedInterfaceOrientations_iPad = "UIInterfaceOrientationPortrait UIInterfaceOrientationPortraitUpsideDown UIInterfaceOrientationLandscapeLeft UIInterfaceOrientationLandscapeRight";
				INFOPLIST_KEY_UISupportedInterfaceOrientations_iPhone = "UIInterfaceOrientationPortrait UIInterfaceOrientationLandscapeLeft UIInterfaceOrientationLandscapeRight";
				LD_RUNPATH_SEARCH_PATHS = (
					"$(inherited)",
					"@executable_path/Frameworks",
				);
				MARKETING_VERSION = 1.0;
				PRODUCT_BUNDLE_IDENTIFIER = UMD.TerpMeals;
				PRODUCT_NAME = "$(TARGET_NAME)";
				SWIFT_EMIT_LOC_STRINGS = YES;
				SWIFT_VERSION = 5.0;
				TARGETED_DEVICE_FAMILY = "1,2";
			};
			name = Release;
		};
		809F67742C228090004F11C5 /* Debug */ = {
			isa = XCBuildConfiguration;
			buildSettings = {
				ALWAYS_EMBED_SWIFT_STANDARD_LIBRARIES = YES;
				BUNDLE_LOADER = "$(TEST_HOST)";
				CODE_SIGN_STYLE = Automatic;
				CURRENT_PROJECT_VERSION = 1;
				DEVELOPMENT_TEAM = 92TLLKM3W2;
				GENERATE_INFOPLIST_FILE = YES;
				IPHONEOS_DEPLOYMENT_TARGET = 16.4;
				MARKETING_VERSION = 1.0;
				PRODUCT_BUNDLE_IDENTIFIER = UMD.TerpMealsTests;
				PRODUCT_NAME = "$(TARGET_NAME)";
				SWIFT_EMIT_LOC_STRINGS = NO;
				SWIFT_VERSION = 5.0;
				TARGETED_DEVICE_FAMILY = "1,2";
				TEST_HOST = "$(BUILT_PRODUCTS_DIR)/TerpMeals.app/$(BUNDLE_EXECUTABLE_FOLDER_PATH)/TerpMeals";
			};
			name = Debug;
		};
		809F67752C228090004F11C5 /* Release */ = {
			isa = XCBuildConfiguration;
			buildSettings = {
				ALWAYS_EMBED_SWIFT_STANDARD_LIBRARIES = YES;
				BUNDLE_LOADER = "$(TEST_HOST)";
				CODE_SIGN_STYLE = Automatic;
				CURRENT_PROJECT_VERSION = 1;
				DEVELOPMENT_TEAM = 92TLLKM3W2;
				GENERATE_INFOPLIST_FILE = YES;
				IPHONEOS_DEPLOYMENT_TARGET = 16.4;
				MARKETING_VERSION = 1.0;
				PRODUCT_BUNDLE_IDENTIFIER = UMD.TerpMealsTests;
				PRODUCT_NAME = "$(TARGET_NAME)";
				SWIFT_EMIT_LOC_STRINGS = NO;
				SWIFT_VERSION = 5.0;
				TARGETED_DEVICE_FAMILY = "1,2";
				TEST_HOST = "$(BUILT_PRODUCTS_DIR)/TerpMeals.app/$(BUNDLE_EXECUTABLE_FOLDER_PATH)/TerpMeals";
			};
			name = Release;
		};
		809F67772C228090004F11C5 /* Debug */ = {
			isa = XCBuildConfiguration;
			buildSettings = {
				ALWAYS_EMBED_SWIFT_STANDARD_LIBRARIES = YES;
				CODE_SIGN_STYLE = Automatic;
				CURRENT_PROJECT_VERSION = 1;
				DEVELOPMENT_TEAM = 92TLLKM3W2;
				GENERATE_INFOPLIST_FILE = YES;
				MARKETING_VERSION = 1.0;
				PRODUCT_BUNDLE_IDENTIFIER = UMD.TerpMealsUITests;
				PRODUCT_NAME = "$(TARGET_NAME)";
				SWIFT_EMIT_LOC_STRINGS = NO;
				SWIFT_VERSION = 5.0;
				TARGETED_DEVICE_FAMILY = "1,2";
				TEST_TARGET_NAME = TerpMeals;
			};
			name = Debug;
		};
		809F67782C228090004F11C5 /* Release */ = {
			isa = XCBuildConfiguration;
			buildSettings = {
				ALWAYS_EMBED_SWIFT_STANDARD_LIBRARIES = YES;
				CODE_SIGN_STYLE = Automatic;
				CURRENT_PROJECT_VERSION = 1;
				DEVELOPMENT_TEAM = 92TLLKM3W2;
				GENERATE_INFOPLIST_FILE = YES;
				MARKETING_VERSION = 1.0;
				PRODUCT_BUNDLE_IDENTIFIER = UMD.TerpMealsUITests;
				PRODUCT_NAME = "$(TARGET_NAME)";
				SWIFT_EMIT_LOC_STRINGS = NO;
				SWIFT_VERSION = 5.0;
				TARGETED_DEVICE_FAMILY = "1,2";
				TEST_TARGET_NAME = TerpMeals;
			};
			name = Release;
		};
/* End XCBuildConfiguration section */

/* Begin XCConfigurationList section */
		809F67472C22808F004F11C5 /* Build configuration list for PBXProject "TerpMeals" */ = {
			isa = XCConfigurationList;
			buildConfigurations = (
				809F676E2C228090004F11C5 /* Debug */,
				809F676F2C228090004F11C5 /* Release */,
			);
			defaultConfigurationIsVisible = 0;
			defaultConfigurationName = Release;
		};
		809F67702C228090004F11C5 /* Build configuration list for PBXNativeTarget "TerpMeals" */ = {
			isa = XCConfigurationList;
			buildConfigurations = (
				809F67712C228090004F11C5 /* Debug */,
				809F67722C228090004F11C5 /* Release */,
			);
			defaultConfigurationIsVisible = 0;
			defaultConfigurationName = Release;
		};
		809F67732C228090004F11C5 /* Build configuration list for PBXNativeTarget "TerpMealsTests" */ = {
			isa = XCConfigurationList;
			buildConfigurations = (
				809F67742C228090004F11C5 /* Debug */,
				809F67752C228090004F11C5 /* Release */,
			);
			defaultConfigurationIsVisible = 0;
			defaultConfigurationName = Release;
		};
		809F67762C228090004F11C5 /* Build configuration list for PBXNativeTarget "TerpMealsUITests" */ = {
			isa = XCConfigurationList;
			buildConfigurations = (
				809F67772C228090004F11C5 /* Debug */,
				809F67782C228090004F11C5 /* Release */,
			);
			defaultConfigurationIsVisible = 0;
			defaultConfigurationName = Release;
		};
/* End XCConfigurationList section */

/* Begin XCRemoteSwiftPackageReference section */
		80A04B542C236D500049F1A3 /* XCRemoteSwiftPackageReference "firebase-ios-sdk" */ = {
			isa = XCRemoteSwiftPackageReference;
			repositoryURL = "https://github.com/firebase/firebase-ios-sdk";
			requirement = {
				kind = upToNextMajorVersion;
				minimumVersion = 10.28.0;
			};
		};
		80A04B572C236DBF0049F1A3 /* XCRemoteSwiftPackageReference "GoogleSignIn-iOS" */ = {
			isa = XCRemoteSwiftPackageReference;
			repositoryURL = "https://github.com/google/GoogleSignIn-iOS/";
			requirement = {
				kind = upToNextMajorVersion;
				minimumVersion = 7.1.0;
			};
		};
/* End XCRemoteSwiftPackageReference section */

/* Begin XCSwiftPackageProductDependency section */
		ECA971BD2C3236D8000AD049 /* FirebaseAuth */ = {
			isa = XCSwiftPackageProductDependency;
			package = 80A04B542C236D500049F1A3 /* XCRemoteSwiftPackageReference "firebase-ios-sdk" */;
			productName = FirebaseAuth;
		};
		ECA971BF2C3236DF000AD049 /* GoogleSignIn */ = {
			isa = XCSwiftPackageProductDependency;
			package = 80A04B572C236DBF0049F1A3 /* XCRemoteSwiftPackageReference "GoogleSignIn-iOS" */;
			productName = GoogleSignIn;
		};
		ECA971C12C3236E6000AD049 /* GoogleSignInSwift */ = {
			isa = XCSwiftPackageProductDependency;
			package = 80A04B572C236DBF0049F1A3 /* XCRemoteSwiftPackageReference "GoogleSignIn-iOS" */;
			productName = GoogleSignInSwift;
		};
/* End XCSwiftPackageProductDependency section */
	};
	rootObject = 809F67442C22808F004F11C5 /* Project object */;
}
